// !$*UTF8*$!
{
	archiveVersion = 1;
	classes = {
	};
	objectVersion = 56;
	objects = {

/* Begin PBXBuildFile section */
		1A082A6A2A845109002F8D54 /* Prep.swift in Sources */ = {isa = PBXBuildFile; fileRef = 1A082A692A845109002F8D54 /* Prep.swift */; };
		1A082A6C2A845BD7002F8D54 /* PrepRecipeView.swift in Sources */ = {isa = PBXBuildFile; fileRef = 1A082A6B2A845BD7002F8D54 /* PrepRecipeView.swift */; };
		1A2F0F6C2A84A11A006FE24C /* PrepRecipeDescriptions.swift in Sources */ = {isa = PBXBuildFile; fileRef = 1A2F0F6B2A84A11A006FE24C /* PrepRecipeDescriptions.swift */; };
		1A2F0F722A85556D006FE24C /* SearchCriteriaView.swift in Sources */ = {isa = PBXBuildFile; fileRef = 1A2F0F712A85556D006FE24C /* SearchCriteriaView.swift */; };
		1A2F0F7A2A857038006FE24C /* PreferencesCheckListCell.swift in Sources */ = {isa = PBXBuildFile; fileRef = 1A2F0F792A857038006FE24C /* PreferencesCheckListCell.swift */; };
		1A2F0F7E2A857581006FE24C /* SearchBarView.swift in Sources */ = {isa = PBXBuildFile; fileRef = 1A2F0F7D2A857581006FE24C /* SearchBarView.swift */; };
		1A2F0F862A86F348006FE24C /* RoundButtonStyle.swift in Sources */ = {isa = PBXBuildFile; fileRef = 1A2F0F852A86F348006FE24C /* RoundButtonStyle.swift */; };
		1A2F0F8A2A883135006FE24C /* SearchCriteriaViewModel.swift in Sources */ = {isa = PBXBuildFile; fileRef = 1A2F0F892A883135006FE24C /* SearchCriteriaViewModel.swift */; };
		1A2F0F8E2A8B6A7A006FE24C /* Extensions.swift in Sources */ = {isa = PBXBuildFile; fileRef = 1A2F0F8D2A8B6A7A006FE24C /* Extensions.swift */; };
		1A38E4792A9D62CC00C9F282 /* ListView.swift in Sources */ = {isa = PBXBuildFile; fileRef = 1A38E4782A9D62CC00C9F282 /* ListView.swift */; };
		1AC830982A829D1000FCE1DA /* MetaCocktailsApp.swift in Sources */ = {isa = PBXBuildFile; fileRef = 1AC830972A829D1000FCE1DA /* MetaCocktailsApp.swift */; };
		1AC8309C2A829D1200FCE1DA /* Assets.xcassets in Resources */ = {isa = PBXBuildFile; fileRef = 1AC8309B2A829D1200FCE1DA /* Assets.xcassets */; };
		1AC8309F2A829D1200FCE1DA /* Preview Assets.xcassets in Resources */ = {isa = PBXBuildFile; fileRef = 1AC8309E2A829D1200FCE1DA /* Preview Assets.xcassets */; };
		1AC830A82A82A08500FCE1DA /* Cocktail.swift in Sources */ = {isa = PBXBuildFile; fileRef = 1AC830A72A82A08500FCE1DA /* Cocktail.swift */; };
		1AC830AB2A82AE7300FCE1DA /* RecipeCard.swift in Sources */ = {isa = PBXBuildFile; fileRef = 1AC830AA2A82AE7300FCE1DA /* RecipeCard.swift */; };
		1AC830B32A82BCA100FCE1DA /* WidgetKit.framework in Frameworks */ = {isa = PBXBuildFile; fileRef = 1AC830B22A82BCA100FCE1DA /* WidgetKit.framework */; };
		1AC830B52A82BCA100FCE1DA /* SwiftUI.framework in Frameworks */ = {isa = PBXBuildFile; fileRef = 1AC830B42A82BCA100FCE1DA /* SwiftUI.framework */; };
		1AC830B82A82BCA100FCE1DA /* MetaCocktailWidgetBundle.swift in Sources */ = {isa = PBXBuildFile; fileRef = 1AC830B72A82BCA100FCE1DA /* MetaCocktailWidgetBundle.swift */; };
		1AC830BA2A82BCA100FCE1DA /* MetaCocktailWidget.swift in Sources */ = {isa = PBXBuildFile; fileRef = 1AC830B92A82BCA100FCE1DA /* MetaCocktailWidget.swift */; };
		1AC830BC2A82BCA300FCE1DA /* Assets.xcassets in Resources */ = {isa = PBXBuildFile; fileRef = 1AC830BB2A82BCA300FCE1DA /* Assets.xcassets */; };
		1AC830C02A82BCA300FCE1DA /* MetaCocktailWidgetExtension.appex in Embed Foundation Extensions */ = {isa = PBXBuildFile; fileRef = 1AC830B02A82BCA100FCE1DA /* MetaCocktailWidgetExtension.appex */; settings = {ATTRIBUTES = (RemoveHeadersOnCopy, ); }; };
		1AC830C62A82D57600FCE1DA /* CocktailListView.swift in Sources */ = {isa = PBXBuildFile; fileRef = 1AC830C52A82D57600FCE1DA /* CocktailListView.swift */; };
		1AC830C82A82D69C00FCE1DA /* CocktailListCell.swift in Sources */ = {isa = PBXBuildFile; fileRef = 1AC830C72A82D69C00FCE1DA /* CocktailListCell.swift */; };
		1AC830CE2A82E57700FCE1DA /* CocktailListViewModel.swift in Sources */ = {isa = PBXBuildFile; fileRef = 1AC830CD2A82E57700FCE1DA /* CocktailListViewModel.swift */; };
		1AC830D22A82ED7200FCE1DA /* XDismissButton.swift in Sources */ = {isa = PBXBuildFile; fileRef = 1AC830D12A82ED7200FCE1DA /* XDismissButton.swift */; };
		1AC830D42A83134D00FCE1DA /* BuildOrderView.swift in Sources */ = {isa = PBXBuildFile; fileRef = 1AC830D32A83134D00FCE1DA /* BuildOrderView.swift */; };
		1AC830D82A83F6BF00FCE1DA /* FlavorProfileSearchView.swift in Sources */ = {isa = PBXBuildFile; fileRef = 1AC830D72A83F6BF00FCE1DA /* FlavorProfileSearchView.swift */; };
		1AC830DB2A83F83000FCE1DA /* StandardButtonStyle.swift in Sources */ = {isa = PBXBuildFile; fileRef = 1AC830DA2A83F83000FCE1DA /* StandardButtonStyle.swift */; };
		1AC830DD2A83FD5D00FCE1DA /* PrepBibleListView.swift in Sources */ = {isa = PBXBuildFile; fileRef = 1AC830DC2A83FD5D00FCE1DA /* PrepBibleListView.swift */; };
		1AC830DF2A83FD8600FCE1DA /* TabBarView.swift in Sources */ = {isa = PBXBuildFile; fileRef = 1AC830DE2A83FD8600FCE1DA /* TabBarView.swift */; };
		1AC830E12A8419DA00FCE1DA /* RecipeIngredientsView.swift in Sources */ = {isa = PBXBuildFile; fileRef = 1AC830E02A8419DA00FCE1DA /* RecipeIngredientsView.swift */; };
		1AC830E52A84349200FCE1DA /* BuildOrderDescriptions.swift in Sources */ = {isa = PBXBuildFile; fileRef = 1AC830E42A84349200FCE1DA /* BuildOrderDescriptions.swift */; };
		1AC830EE2A8447C000FCE1DA /* PrepBibleViewModel.swift in Sources */ = {isa = PBXBuildFile; fileRef = 1AC830ED2A8447C000FCE1DA /* PrepBibleViewModel.swift */; };
		1AC830F02A844D8900FCE1DA /* PrepListCell.swift in Sources */ = {isa = PBXBuildFile; fileRef = 1AC830EF2A844D8900FCE1DA /* PrepListCell.swift */; };
		F41EC1192A9F9B7400DBB3C0 /* GordonsCup.swift in Sources */ = {isa = PBXBuildFile; fileRef = F41EC1182A9F9B7400DBB3C0 /* GordonsCup.swift */; };
		F41EC11B2A9F9E8F00DBB3C0 /* Garnish.swift in Sources */ = {isa = PBXBuildFile; fileRef = F41EC11A2A9F9E8F00DBB3C0 /* Garnish.swift */; };
		F41EC11D2A9F9ED000DBB3C0 /* Ingredient.swift in Sources */ = {isa = PBXBuildFile; fileRef = F41EC11C2A9F9ED000DBB3C0 /* Ingredient.swift */; };
		F41EC11F2A9F9F0B00DBB3C0 /* Glassware.swift in Sources */ = {isa = PBXBuildFile; fileRef = F41EC11E2A9F9F0B00DBB3C0 /* Glassware.swift */; };
		F41EC1262A9FA1A400DBB3C0 /* Double+Conversion.swift in Sources */ = {isa = PBXBuildFile; fileRef = F41EC1252A9FA1A400DBB3C0 /* Double+Conversion.swift */; };
		F41EC1292A9FA2AC00DBB3C0 /* Build.swift in Sources */ = {isa = PBXBuildFile; fileRef = F41EC1282A9FA2AC00DBB3C0 /* Build.swift */; };
		F4998BDD2A9ECB7700809608 /* CocktailImage.swift in Sources */ = {isa = PBXBuildFile; fileRef = F4998BDC2A9ECB7700809608 /* CocktailImage.swift */; };
/* End PBXBuildFile section */

/* Begin PBXContainerItemProxy section */
		1AC830BE2A82BCA300FCE1DA /* PBXContainerItemProxy */ = {
			isa = PBXContainerItemProxy;
			containerPortal = 1AC8308C2A829D1000FCE1DA /* Project object */;
			proxyType = 1;
			remoteGlobalIDString = 1AC830AF2A82BCA100FCE1DA;
			remoteInfo = MetaCocktailWidgetExtension;
		};
/* End PBXContainerItemProxy section */

/* Begin PBXCopyFilesBuildPhase section */
		1AC830C42A82BCA300FCE1DA /* Embed Foundation Extensions */ = {
			isa = PBXCopyFilesBuildPhase;
			buildActionMask = 2147483647;
			dstPath = "";
			dstSubfolderSpec = 13;
			files = (
				1AC830C02A82BCA300FCE1DA /* MetaCocktailWidgetExtension.appex in Embed Foundation Extensions */,
			);
			name = "Embed Foundation Extensions";
			runOnlyForDeploymentPostprocessing = 0;
		};
/* End PBXCopyFilesBuildPhase section */

/* Begin PBXFileReference section */
		1A082A692A845109002F8D54 /* Prep.swift */ = {isa = PBXFileReference; lastKnownFileType = sourcecode.swift; path = Prep.swift; sourceTree = "<group>"; };
		1A082A6B2A845BD7002F8D54 /* PrepRecipeView.swift */ = {isa = PBXFileReference; lastKnownFileType = sourcecode.swift; path = PrepRecipeView.swift; sourceTree = "<group>"; };
		1A2F0F6B2A84A11A006FE24C /* PrepRecipeDescriptions.swift */ = {isa = PBXFileReference; lastKnownFileType = sourcecode.swift; path = PrepRecipeDescriptions.swift; sourceTree = "<group>"; };
		1A2F0F712A85556D006FE24C /* SearchCriteriaView.swift */ = {isa = PBXFileReference; lastKnownFileType = sourcecode.swift; path = SearchCriteriaView.swift; sourceTree = "<group>"; };
		1A2F0F792A857038006FE24C /* PreferencesCheckListCell.swift */ = {isa = PBXFileReference; lastKnownFileType = sourcecode.swift; path = PreferencesCheckListCell.swift; sourceTree = "<group>"; };
		1A2F0F7D2A857581006FE24C /* SearchBarView.swift */ = {isa = PBXFileReference; lastKnownFileType = sourcecode.swift; path = SearchBarView.swift; sourceTree = "<group>"; };
		1A2F0F852A86F348006FE24C /* RoundButtonStyle.swift */ = {isa = PBXFileReference; lastKnownFileType = sourcecode.swift; path = RoundButtonStyle.swift; sourceTree = "<group>"; };
		1A2F0F892A883135006FE24C /* SearchCriteriaViewModel.swift */ = {isa = PBXFileReference; lastKnownFileType = sourcecode.swift; path = SearchCriteriaViewModel.swift; sourceTree = "<group>"; };
		1A2F0F8D2A8B6A7A006FE24C /* Extensions.swift */ = {isa = PBXFileReference; lastKnownFileType = sourcecode.swift; path = Extensions.swift; sourceTree = "<group>"; };
		1A38E4782A9D62CC00C9F282 /* ListView.swift */ = {isa = PBXFileReference; lastKnownFileType = sourcecode.swift; path = ListView.swift; sourceTree = "<group>"; };
		1AC830942A829D1000FCE1DA /* MetaCocktails.app */ = {isa = PBXFileReference; explicitFileType = wrapper.application; includeInIndex = 0; path = MetaCocktails.app; sourceTree = BUILT_PRODUCTS_DIR; };
		1AC830972A829D1000FCE1DA /* MetaCocktailsApp.swift */ = {isa = PBXFileReference; lastKnownFileType = sourcecode.swift; path = MetaCocktailsApp.swift; sourceTree = "<group>"; };
		1AC8309B2A829D1200FCE1DA /* Assets.xcassets */ = {isa = PBXFileReference; lastKnownFileType = folder.assetcatalog; path = Assets.xcassets; sourceTree = "<group>"; };
		1AC8309E2A829D1200FCE1DA /* Preview Assets.xcassets */ = {isa = PBXFileReference; lastKnownFileType = folder.assetcatalog; path = "Preview Assets.xcassets"; sourceTree = "<group>"; };
		1AC830A72A82A08500FCE1DA /* Cocktail.swift */ = {isa = PBXFileReference; lastKnownFileType = sourcecode.swift; path = Cocktail.swift; sourceTree = "<group>"; };
		1AC830AA2A82AE7300FCE1DA /* RecipeCard.swift */ = {isa = PBXFileReference; lastKnownFileType = sourcecode.swift; path = RecipeCard.swift; sourceTree = "<group>"; };
		1AC830B02A82BCA100FCE1DA /* MetaCocktailWidgetExtension.appex */ = {isa = PBXFileReference; explicitFileType = "wrapper.app-extension"; includeInIndex = 0; path = MetaCocktailWidgetExtension.appex; sourceTree = BUILT_PRODUCTS_DIR; };
		1AC830B22A82BCA100FCE1DA /* WidgetKit.framework */ = {isa = PBXFileReference; lastKnownFileType = wrapper.framework; name = WidgetKit.framework; path = System/Library/Frameworks/WidgetKit.framework; sourceTree = SDKROOT; };
		1AC830B42A82BCA100FCE1DA /* SwiftUI.framework */ = {isa = PBXFileReference; lastKnownFileType = wrapper.framework; name = SwiftUI.framework; path = System/Library/Frameworks/SwiftUI.framework; sourceTree = SDKROOT; };
		1AC830B72A82BCA100FCE1DA /* MetaCocktailWidgetBundle.swift */ = {isa = PBXFileReference; lastKnownFileType = sourcecode.swift; path = MetaCocktailWidgetBundle.swift; sourceTree = "<group>"; };
		1AC830B92A82BCA100FCE1DA /* MetaCocktailWidget.swift */ = {isa = PBXFileReference; lastKnownFileType = sourcecode.swift; path = MetaCocktailWidget.swift; sourceTree = "<group>"; };
		1AC830BB2A82BCA300FCE1DA /* Assets.xcassets */ = {isa = PBXFileReference; lastKnownFileType = folder.assetcatalog; path = Assets.xcassets; sourceTree = "<group>"; };
		1AC830BD2A82BCA300FCE1DA /* Info.plist */ = {isa = PBXFileReference; lastKnownFileType = text.plist.xml; path = Info.plist; sourceTree = "<group>"; };
		1AC830C52A82D57600FCE1DA /* CocktailListView.swift */ = {isa = PBXFileReference; lastKnownFileType = sourcecode.swift; path = CocktailListView.swift; sourceTree = "<group>"; };
		1AC830C72A82D69C00FCE1DA /* CocktailListCell.swift */ = {isa = PBXFileReference; lastKnownFileType = sourcecode.swift; path = CocktailListCell.swift; sourceTree = "<group>"; };
		1AC830CD2A82E57700FCE1DA /* CocktailListViewModel.swift */ = {isa = PBXFileReference; lastKnownFileType = sourcecode.swift; path = CocktailListViewModel.swift; sourceTree = "<group>"; };
		1AC830D12A82ED7200FCE1DA /* XDismissButton.swift */ = {isa = PBXFileReference; lastKnownFileType = sourcecode.swift; path = XDismissButton.swift; sourceTree = "<group>"; };
		1AC830D32A83134D00FCE1DA /* BuildOrderView.swift */ = {isa = PBXFileReference; lastKnownFileType = sourcecode.swift; path = BuildOrderView.swift; sourceTree = "<group>"; };
		1AC830D72A83F6BF00FCE1DA /* FlavorProfileSearchView.swift */ = {isa = PBXFileReference; lastKnownFileType = sourcecode.swift; path = FlavorProfileSearchView.swift; sourceTree = "<group>"; };
		1AC830DA2A83F83000FCE1DA /* StandardButtonStyle.swift */ = {isa = PBXFileReference; lastKnownFileType = sourcecode.swift; path = StandardButtonStyle.swift; sourceTree = "<group>"; };
		1AC830DC2A83FD5D00FCE1DA /* PrepBibleListView.swift */ = {isa = PBXFileReference; lastKnownFileType = sourcecode.swift; path = PrepBibleListView.swift; sourceTree = "<group>"; };
		1AC830DE2A83FD8600FCE1DA /* TabBarView.swift */ = {isa = PBXFileReference; lastKnownFileType = sourcecode.swift; path = TabBarView.swift; sourceTree = "<group>"; };
		1AC830E02A8419DA00FCE1DA /* RecipeIngredientsView.swift */ = {isa = PBXFileReference; lastKnownFileType = sourcecode.swift; path = RecipeIngredientsView.swift; sourceTree = "<group>"; };
		1AC830E42A84349200FCE1DA /* BuildOrderDescriptions.swift */ = {isa = PBXFileReference; lastKnownFileType = sourcecode.swift; path = BuildOrderDescriptions.swift; sourceTree = "<group>"; };
		1AC830ED2A8447C000FCE1DA /* PrepBibleViewModel.swift */ = {isa = PBXFileReference; lastKnownFileType = sourcecode.swift; path = PrepBibleViewModel.swift; sourceTree = "<group>"; };
		1AC830EF2A844D8900FCE1DA /* PrepListCell.swift */ = {isa = PBXFileReference; lastKnownFileType = sourcecode.swift; path = PrepListCell.swift; sourceTree = "<group>"; };
		F41EC1182A9F9B7400DBB3C0 /* GordonsCup.swift */ = {isa = PBXFileReference; lastKnownFileType = sourcecode.swift; path = GordonsCup.swift; sourceTree = "<group>"; };
		F41EC11A2A9F9E8F00DBB3C0 /* Garnish.swift */ = {isa = PBXFileReference; lastKnownFileType = sourcecode.swift; path = Garnish.swift; sourceTree = "<group>"; };
		F41EC11C2A9F9ED000DBB3C0 /* Ingredient.swift */ = {isa = PBXFileReference; lastKnownFileType = sourcecode.swift; path = Ingredient.swift; sourceTree = "<group>"; };
		F41EC11E2A9F9F0B00DBB3C0 /* Glassware.swift */ = {isa = PBXFileReference; lastKnownFileType = sourcecode.swift; path = Glassware.swift; sourceTree = "<group>"; };
		F41EC1252A9FA1A400DBB3C0 /* Double+Conversion.swift */ = {isa = PBXFileReference; lastKnownFileType = sourcecode.swift; path = "Double+Conversion.swift"; sourceTree = "<group>"; };
		F41EC1282A9FA2AC00DBB3C0 /* Build.swift */ = {isa = PBXFileReference; lastKnownFileType = sourcecode.swift; path = Build.swift; sourceTree = "<group>"; };
		F4998BDC2A9ECB7700809608 /* CocktailImage.swift */ = {isa = PBXFileReference; lastKnownFileType = sourcecode.swift; path = CocktailImage.swift; sourceTree = "<group>"; };
/* End PBXFileReference section */

/* Begin PBXFrameworksBuildPhase section */
		1AC830912A829D1000FCE1DA /* Frameworks */ = {
			isa = PBXFrameworksBuildPhase;
			buildActionMask = 2147483647;
			files = (
			);
			runOnlyForDeploymentPostprocessing = 0;
		};
		1AC830AD2A82BCA100FCE1DA /* Frameworks */ = {
			isa = PBXFrameworksBuildPhase;
			buildActionMask = 2147483647;
			files = (
				1AC830B52A82BCA100FCE1DA /* SwiftUI.framework in Frameworks */,
				1AC830B32A82BCA100FCE1DA /* WidgetKit.framework in Frameworks */,
			);
			runOnlyForDeploymentPostprocessing = 0;
		};
/* End PBXFrameworksBuildPhase section */

/* Begin PBXGroup section */
		1AC8308B2A829D1000FCE1DA = {
			isa = PBXGroup;
			children = (
				1AC830962A829D1000FCE1DA /* MetaCocktails */,
				1AC830B62A82BCA100FCE1DA /* MetaCocktailWidget */,
				1AC830B12A82BCA100FCE1DA /* Frameworks */,
				1AC830952A829D1000FCE1DA /* Products */,
			);
			sourceTree = "<group>";
		};
		1AC830952A829D1000FCE1DA /* Products */ = {
			isa = PBXGroup;
			children = (
				1AC830942A829D1000FCE1DA /* MetaCocktails.app */,
				1AC830B02A82BCA100FCE1DA /* MetaCocktailWidgetExtension.appex */,
			);
			name = Products;
			sourceTree = "<group>";
		};
		1AC830962A829D1000FCE1DA /* MetaCocktails */ = {
			isa = PBXGroup;
			children = (
				F41EC1272A9FA1B900DBB3C0 /* Extensions */,
				1AC830D92A83F81700FCE1DA /* Utilities */,
				1AC830D02A82ED5D00FCE1DA /* Buttons */,
				1AC830CF2A82EC1E00FCE1DA /* EntryPoint */,
				1AC830CA2A82E12A00FCE1DA /* Cells */,
				1AC830C92A82E11000FCE1DA /* Views */,
				1AC830A92A82A08C00FCE1DA /* Model */,
				1AC8309B2A829D1200FCE1DA /* Assets.xcassets */,
				1AC8309D2A829D1200FCE1DA /* Preview Content */,
			);
			path = MetaCocktails;
			sourceTree = "<group>";
		};
		1AC8309D2A829D1200FCE1DA /* Preview Content */ = {
			isa = PBXGroup;
			children = (
				1AC8309E2A829D1200FCE1DA /* Preview Assets.xcassets */,
			);
			path = "Preview Content";
			sourceTree = "<group>";
		};
		1AC830A92A82A08C00FCE1DA /* Model */ = {
			isa = PBXGroup;
			children = (
				F41EC1152A9F999B00DBB3C0 /* ModernClassicCocktails */,
				F41EC1142A9F998800DBB3C0 /* ClassicCocktails */,
				1AC830A72A82A08500FCE1DA /* Cocktail.swift */,
				F4998BDC2A9ECB7700809608 /* CocktailImage.swift */,
				1AC830E42A84349200FCE1DA /* BuildOrderDescriptions.swift */,
				1A082A692A845109002F8D54 /* Prep.swift */,
				1A2F0F6B2A84A11A006FE24C /* PrepRecipeDescriptions.swift */,
				F41EC1242A9FA0EF00DBB3C0 /* Components */,
			);
			path = Model;
			sourceTree = "<group>";
		};
		1AC830B12A82BCA100FCE1DA /* Frameworks */ = {
			isa = PBXGroup;
			children = (
				1AC830B22A82BCA100FCE1DA /* WidgetKit.framework */,
				1AC830B42A82BCA100FCE1DA /* SwiftUI.framework */,
			);
			name = Frameworks;
			sourceTree = "<group>";
		};
		1AC830B62A82BCA100FCE1DA /* MetaCocktailWidget */ = {
			isa = PBXGroup;
			children = (
				1AC830B72A82BCA100FCE1DA /* MetaCocktailWidgetBundle.swift */,
				1AC830B92A82BCA100FCE1DA /* MetaCocktailWidget.swift */,
				1AC830BB2A82BCA300FCE1DA /* Assets.xcassets */,
				1AC830BD2A82BCA300FCE1DA /* Info.plist */,
			);
			path = MetaCocktailWidget;
			sourceTree = "<group>";
		};
		1AC830C92A82E11000FCE1DA /* Views */ = {
			isa = PBXGroup;
			children = (
				1AC830EA2A84422100FCE1DA /* Tab Bar View */,
				1AC830E62A8441AE00FCE1DA /* Cocktail List View */,
				1AC830EB2A84423F00FCE1DA /* Search View */,
				1AC830E92A8441FC00FCE1DA /* Build Order View */,
				1AC830E82A8441E200FCE1DA /* Recipe View */,
				1AC830EC2A84425600FCE1DA /* Prep Bible */,
			);
			path = Views;
			sourceTree = "<group>";
		};
		1AC830CA2A82E12A00FCE1DA /* Cells */ = {
			isa = PBXGroup;
			children = (
				1AC830C72A82D69C00FCE1DA /* CocktailListCell.swift */,
				1AC830EF2A844D8900FCE1DA /* PrepListCell.swift */,
				1A2F0F792A857038006FE24C /* PreferencesCheckListCell.swift */,
			);
			path = Cells;
			sourceTree = "<group>";
		};
		1AC830CF2A82EC1E00FCE1DA /* EntryPoint */ = {
			isa = PBXGroup;
			children = (
				1AC830972A829D1000FCE1DA /* MetaCocktailsApp.swift */,
			);
			path = EntryPoint;
			sourceTree = "<group>";
		};
		1AC830D02A82ED5D00FCE1DA /* Buttons */ = {
			isa = PBXGroup;
			children = (
				1AC830D12A82ED7200FCE1DA /* XDismissButton.swift */,
			);
			path = Buttons;
			sourceTree = "<group>";
		};
		1AC830D92A83F81700FCE1DA /* Utilities */ = {
			isa = PBXGroup;
			children = (
				1AC830DA2A83F83000FCE1DA /* StandardButtonStyle.swift */,
				1A2F0F852A86F348006FE24C /* RoundButtonStyle.swift */,
				1A2F0F8D2A8B6A7A006FE24C /* Extensions.swift */,
			);
			path = Utilities;
			sourceTree = "<group>";
		};
		1AC830E62A8441AE00FCE1DA /* Cocktail List View */ = {
			isa = PBXGroup;
			children = (
				1AC830CD2A82E57700FCE1DA /* CocktailListViewModel.swift */,
				1AC830C52A82D57600FCE1DA /* CocktailListView.swift */,
			);
			path = "Cocktail List View";
			sourceTree = "<group>";
		};
		1AC830E82A8441E200FCE1DA /* Recipe View */ = {
			isa = PBXGroup;
			children = (
				1AC830AA2A82AE7300FCE1DA /* RecipeCard.swift */,
				1AC830E02A8419DA00FCE1DA /* RecipeIngredientsView.swift */,
			);
			path = "Recipe View";
			sourceTree = "<group>";
		};
		1AC830E92A8441FC00FCE1DA /* Build Order View */ = {
			isa = PBXGroup;
			children = (
				1AC830D32A83134D00FCE1DA /* BuildOrderView.swift */,
			);
			path = "Build Order View";
			sourceTree = "<group>";
		};
		1AC830EA2A84422100FCE1DA /* Tab Bar View */ = {
			isa = PBXGroup;
			children = (
				1AC830DE2A83FD8600FCE1DA /* TabBarView.swift */,
			);
			path = "Tab Bar View";
			sourceTree = "<group>";
		};
		1AC830EB2A84423F00FCE1DA /* Search View */ = {
			isa = PBXGroup;
			children = (
				1A2F0F892A883135006FE24C /* SearchCriteriaViewModel.swift */,
				1A2F0F712A85556D006FE24C /* SearchCriteriaView.swift */,
				1A2F0F7D2A857581006FE24C /* SearchBarView.swift */,
				1AC830D72A83F6BF00FCE1DA /* FlavorProfileSearchView.swift */,
				1AF2610C2A8C681000D88373 /* Sub List View */,
			);
			path = "Search View";
			sourceTree = "<group>";
		};
		1AC830EC2A84425600FCE1DA /* Prep Bible */ = {
			isa = PBXGroup;
			children = (
				1AC830ED2A8447C000FCE1DA /* PrepBibleViewModel.swift */,
				1AC830DC2A83FD5D00FCE1DA /* PrepBibleListView.swift */,
				1A082A6B2A845BD7002F8D54 /* PrepRecipeView.swift */,
			);
			path = "Prep Bible";
			sourceTree = "<group>";
		};
		1AF2610C2A8C681000D88373 /* Sub List View */ = {
			isa = PBXGroup;
			children = (
				1A38E4782A9D62CC00C9F282 /* ListView.swift */,
			);
			path = "Sub List View";
			sourceTree = "<group>";
		};
		F41EC1142A9F998800DBB3C0 /* ClassicCocktails */ = {
			isa = PBXGroup;
			children = (
			);
			path = ClassicCocktails;
			sourceTree = "<group>";
		};
		F41EC1152A9F999B00DBB3C0 /* ModernClassicCocktails */ = {
			isa = PBXGroup;
			children = (
				F41EC1182A9F9B7400DBB3C0 /* GordonsCup.swift */,
			);
			path = ModernClassicCocktails;
			sourceTree = "<group>";
		};
		F41EC1242A9FA0EF00DBB3C0 /* Components */ = {
			isa = PBXGroup;
			children = (
				F41EC11C2A9F9ED000DBB3C0 /* Ingredient.swift */,
				F41EC11E2A9F9F0B00DBB3C0 /* Glassware.swift */,
				F41EC11A2A9F9E8F00DBB3C0 /* Garnish.swift */,
				F41EC1282A9FA2AC00DBB3C0 /* Build.swift */,
			);
			path = Components;
			sourceTree = "<group>";
		};
		F41EC1272A9FA1B900DBB3C0 /* Extensions */ = {
			isa = PBXGroup;
			children = (
				F41EC1252A9FA1A400DBB3C0 /* Double+Conversion.swift */,
			);
			path = Extensions;
			sourceTree = "<group>";
		};
/* End PBXGroup section */

/* Begin PBXNativeTarget section */
		1AC830932A829D1000FCE1DA /* MetaCocktails */ = {
			isa = PBXNativeTarget;
			buildConfigurationList = 1AC830A22A829D1200FCE1DA /* Build configuration list for PBXNativeTarget "MetaCocktails" */;
			buildPhases = (
				1AC830902A829D1000FCE1DA /* Sources */,
				1AC830912A829D1000FCE1DA /* Frameworks */,
				1AC830922A829D1000FCE1DA /* Resources */,
				1AC830C42A82BCA300FCE1DA /* Embed Foundation Extensions */,
			);
			buildRules = (
			);
			dependencies = (
				1AC830BF2A82BCA300FCE1DA /* PBXTargetDependency */,
			);
			name = MetaCocktails;
			productName = MetaCocktails;
			productReference = 1AC830942A829D1000FCE1DA /* MetaCocktails.app */;
			productType = "com.apple.product-type.application";
		};
		1AC830AF2A82BCA100FCE1DA /* MetaCocktailWidgetExtension */ = {
			isa = PBXNativeTarget;
			buildConfigurationList = 1AC830C12A82BCA300FCE1DA /* Build configuration list for PBXNativeTarget "MetaCocktailWidgetExtension" */;
			buildPhases = (
				1AC830AC2A82BCA100FCE1DA /* Sources */,
				1AC830AD2A82BCA100FCE1DA /* Frameworks */,
				1AC830AE2A82BCA100FCE1DA /* Resources */,
			);
			buildRules = (
			);
			dependencies = (
			);
			name = MetaCocktailWidgetExtension;
			productName = MetaCocktailWidgetExtension;
			productReference = 1AC830B02A82BCA100FCE1DA /* MetaCocktailWidgetExtension.appex */;
			productType = "com.apple.product-type.app-extension";
		};
/* End PBXNativeTarget section */

/* Begin PBXProject section */
		1AC8308C2A829D1000FCE1DA /* Project object */ = {
			isa = PBXProject;
			attributes = {
				BuildIndependentTargetsInParallel = 1;
				LastSwiftUpdateCheck = 1430;
				LastUpgradeCheck = 1430;
				TargetAttributes = {
					1AC830932A829D1000FCE1DA = {
						CreatedOnToolsVersion = 14.3.1;
					};
					1AC830AF2A82BCA100FCE1DA = {
						CreatedOnToolsVersion = 14.3.1;
					};
				};
			};
			buildConfigurationList = 1AC8308F2A829D1000FCE1DA /* Build configuration list for PBXProject "MetaCocktails" */;
			compatibilityVersion = "Xcode 14.0";
			developmentRegion = en;
			hasScannedForEncodings = 0;
			knownRegions = (
				en,
				Base,
			);
			mainGroup = 1AC8308B2A829D1000FCE1DA;
			productRefGroup = 1AC830952A829D1000FCE1DA /* Products */;
			projectDirPath = "";
			projectRoot = "";
			targets = (
				1AC830932A829D1000FCE1DA /* MetaCocktails */,
				1AC830AF2A82BCA100FCE1DA /* MetaCocktailWidgetExtension */,
			);
		};
/* End PBXProject section */

/* Begin PBXResourcesBuildPhase section */
		1AC830922A829D1000FCE1DA /* Resources */ = {
			isa = PBXResourcesBuildPhase;
			buildActionMask = 2147483647;
			files = (
				1AC8309F2A829D1200FCE1DA /* Preview Assets.xcassets in Resources */,
				1AC8309C2A829D1200FCE1DA /* Assets.xcassets in Resources */,
			);
			runOnlyForDeploymentPostprocessing = 0;
		};
		1AC830AE2A82BCA100FCE1DA /* Resources */ = {
			isa = PBXResourcesBuildPhase;
			buildActionMask = 2147483647;
			files = (
				1AC830BC2A82BCA300FCE1DA /* Assets.xcassets in Resources */,
			);
			runOnlyForDeploymentPostprocessing = 0;
		};
/* End PBXResourcesBuildPhase section */

/* Begin PBXSourcesBuildPhase section */
		1AC830902A829D1000FCE1DA /* Sources */ = {
			isa = PBXSourcesBuildPhase;
			buildActionMask = 2147483647;
			files = (
				1AC830F02A844D8900FCE1DA /* PrepListCell.swift in Sources */,
				1AC830E52A84349200FCE1DA /* BuildOrderDescriptions.swift in Sources */,
				1AC830D82A83F6BF00FCE1DA /* FlavorProfileSearchView.swift in Sources */,
				F4998BDD2A9ECB7700809608 /* CocktailImage.swift in Sources */,
				1AC830CE2A82E57700FCE1DA /* CocktailListViewModel.swift in Sources */,
				F41EC1292A9FA2AC00DBB3C0 /* Build.swift in Sources */,
				1A2F0F6C2A84A11A006FE24C /* PrepRecipeDescriptions.swift in Sources */,
				F41EC11B2A9F9E8F00DBB3C0 /* Garnish.swift in Sources */,
				1A2F0F8A2A883135006FE24C /* SearchCriteriaViewModel.swift in Sources */,
				1AC830AB2A82AE7300FCE1DA /* RecipeCard.swift in Sources */,
				1A2F0F8E2A8B6A7A006FE24C /* Extensions.swift in Sources */,
				1AC830C62A82D57600FCE1DA /* CocktailListView.swift in Sources */,
				1AC830DD2A83FD5D00FCE1DA /* PrepBibleListView.swift in Sources */,
				1AC830E12A8419DA00FCE1DA /* RecipeIngredientsView.swift in Sources */,
				F41EC11D2A9F9ED000DBB3C0 /* Ingredient.swift in Sources */,
				1A082A6A2A845109002F8D54 /* Prep.swift in Sources */,
				1A38E4792A9D62CC00C9F282 /* ListView.swift in Sources */,
				1A082A6C2A845BD7002F8D54 /* PrepRecipeView.swift in Sources */,
				1AC830982A829D1000FCE1DA /* MetaCocktailsApp.swift in Sources */,
				F41EC11F2A9F9F0B00DBB3C0 /* Glassware.swift in Sources */,
				1AC830EE2A8447C000FCE1DA /* PrepBibleViewModel.swift in Sources */,
				1AC830D42A83134D00FCE1DA /* BuildOrderView.swift in Sources */,
				F41EC1192A9F9B7400DBB3C0 /* GordonsCup.swift in Sources */,
				1A2F0F722A85556D006FE24C /* SearchCriteriaView.swift in Sources */,
				F41EC1262A9FA1A400DBB3C0 /* Double+Conversion.swift in Sources */,
				1AC830A82A82A08500FCE1DA /* Cocktail.swift in Sources */,
				1AC830C82A82D69C00FCE1DA /* CocktailListCell.swift in Sources */,
				1AC830DB2A83F83000FCE1DA /* StandardButtonStyle.swift in Sources */,
				1A2F0F7E2A857581006FE24C /* SearchBarView.swift in Sources */,
				1AC830DF2A83FD8600FCE1DA /* TabBarView.swift in Sources */,
				1A2F0F7A2A857038006FE24C /* PreferencesCheckListCell.swift in Sources */,
				1A2F0F862A86F348006FE24C /* RoundButtonStyle.swift in Sources */,
				1AC830D22A82ED7200FCE1DA /* XDismissButton.swift in Sources */,
			);
			runOnlyForDeploymentPostprocessing = 0;
		};
		1AC830AC2A82BCA100FCE1DA /* Sources */ = {
			isa = PBXSourcesBuildPhase;
			buildActionMask = 2147483647;
			files = (
				1AC830BA2A82BCA100FCE1DA /* MetaCocktailWidget.swift in Sources */,
				1AC830B82A82BCA100FCE1DA /* MetaCocktailWidgetBundle.swift in Sources */,
			);
			runOnlyForDeploymentPostprocessing = 0;
		};
/* End PBXSourcesBuildPhase section */

/* Begin PBXTargetDependency section */
		1AC830BF2A82BCA300FCE1DA /* PBXTargetDependency */ = {
			isa = PBXTargetDependency;
			target = 1AC830AF2A82BCA100FCE1DA /* MetaCocktailWidgetExtension */;
			targetProxy = 1AC830BE2A82BCA300FCE1DA /* PBXContainerItemProxy */;
		};
/* End PBXTargetDependency section */

/* Begin XCBuildConfiguration section */
		1AC830A02A829D1200FCE1DA /* Debug */ = {
			isa = XCBuildConfiguration;
			buildSettings = {
				ALWAYS_SEARCH_USER_PATHS = NO;
				CLANG_ANALYZER_NONNULL = YES;
				CLANG_ANALYZER_NUMBER_OBJECT_CONVERSION = YES_AGGRESSIVE;
				CLANG_CXX_LANGUAGE_STANDARD = "gnu++20";
				CLANG_ENABLE_MODULES = YES;
				CLANG_ENABLE_OBJC_ARC = YES;
				CLANG_ENABLE_OBJC_WEAK = YES;
				CLANG_WARN_BLOCK_CAPTURE_AUTORELEASING = YES;
				CLANG_WARN_BOOL_CONVERSION = YES;
				CLANG_WARN_COMMA = YES;
				CLANG_WARN_CONSTANT_CONVERSION = YES;
				CLANG_WARN_DEPRECATED_OBJC_IMPLEMENTATIONS = YES;
				CLANG_WARN_DIRECT_OBJC_ISA_USAGE = YES_ERROR;
				CLANG_WARN_DOCUMENTATION_COMMENTS = YES;
				CLANG_WARN_EMPTY_BODY = YES;
				CLANG_WARN_ENUM_CONVERSION = YES;
				CLANG_WARN_INFINITE_RECURSION = YES;
				CLANG_WARN_INT_CONVERSION = YES;
				CLANG_WARN_NON_LITERAL_NULL_CONVERSION = YES;
				CLANG_WARN_OBJC_IMPLICIT_RETAIN_SELF = YES;
				CLANG_WARN_OBJC_LITERAL_CONVERSION = YES;
				CLANG_WARN_OBJC_ROOT_CLASS = YES_ERROR;
				CLANG_WARN_QUOTED_INCLUDE_IN_FRAMEWORK_HEADER = YES;
				CLANG_WARN_RANGE_LOOP_ANALYSIS = YES;
				CLANG_WARN_STRICT_PROTOTYPES = YES;
				CLANG_WARN_SUSPICIOUS_MOVE = YES;
				CLANG_WARN_UNGUARDED_AVAILABILITY = YES_AGGRESSIVE;
				CLANG_WARN_UNREACHABLE_CODE = YES;
				CLANG_WARN__DUPLICATE_METHOD_MATCH = YES;
				COPY_PHASE_STRIP = NO;
				DEBUG_INFORMATION_FORMAT = dwarf;
				ENABLE_STRICT_OBJC_MSGSEND = YES;
				ENABLE_TESTABILITY = YES;
				GCC_C_LANGUAGE_STANDARD = gnu11;
				GCC_DYNAMIC_NO_PIC = NO;
				GCC_NO_COMMON_BLOCKS = YES;
				GCC_OPTIMIZATION_LEVEL = 0;
				GCC_PREPROCESSOR_DEFINITIONS = (
					"DEBUG=1",
					"$(inherited)",
				);
				GCC_WARN_64_TO_32_BIT_CONVERSION = YES;
				GCC_WARN_ABOUT_RETURN_TYPE = YES_ERROR;
				GCC_WARN_UNDECLARED_SELECTOR = YES;
				GCC_WARN_UNINITIALIZED_AUTOS = YES_AGGRESSIVE;
				GCC_WARN_UNUSED_FUNCTION = YES;
				GCC_WARN_UNUSED_VARIABLE = YES;
				IPHONEOS_DEPLOYMENT_TARGET = 16.4;
				MTL_ENABLE_DEBUG_INFO = INCLUDE_SOURCE;
				MTL_FAST_MATH = YES;
				ONLY_ACTIVE_ARCH = YES;
				SDKROOT = iphoneos;
				SWIFT_ACTIVE_COMPILATION_CONDITIONS = DEBUG;
				SWIFT_OPTIMIZATION_LEVEL = "-Onone";
			};
			name = Debug;
		};
		1AC830A12A829D1200FCE1DA /* Release */ = {
			isa = XCBuildConfiguration;
			buildSettings = {
				ALWAYS_SEARCH_USER_PATHS = NO;
				CLANG_ANALYZER_NONNULL = YES;
				CLANG_ANALYZER_NUMBER_OBJECT_CONVERSION = YES_AGGRESSIVE;
				CLANG_CXX_LANGUAGE_STANDARD = "gnu++20";
				CLANG_ENABLE_MODULES = YES;
				CLANG_ENABLE_OBJC_ARC = YES;
				CLANG_ENABLE_OBJC_WEAK = YES;
				CLANG_WARN_BLOCK_CAPTURE_AUTORELEASING = YES;
				CLANG_WARN_BOOL_CONVERSION = YES;
				CLANG_WARN_COMMA = YES;
				CLANG_WARN_CONSTANT_CONVERSION = YES;
				CLANG_WARN_DEPRECATED_OBJC_IMPLEMENTATIONS = YES;
				CLANG_WARN_DIRECT_OBJC_ISA_USAGE = YES_ERROR;
				CLANG_WARN_DOCUMENTATION_COMMENTS = YES;
				CLANG_WARN_EMPTY_BODY = YES;
				CLANG_WARN_ENUM_CONVERSION = YES;
				CLANG_WARN_INFINITE_RECURSION = YES;
				CLANG_WARN_INT_CONVERSION = YES;
				CLANG_WARN_NON_LITERAL_NULL_CONVERSION = YES;
				CLANG_WARN_OBJC_IMPLICIT_RETAIN_SELF = YES;
				CLANG_WARN_OBJC_LITERAL_CONVERSION = YES;
				CLANG_WARN_OBJC_ROOT_CLASS = YES_ERROR;
				CLANG_WARN_QUOTED_INCLUDE_IN_FRAMEWORK_HEADER = YES;
				CLANG_WARN_RANGE_LOOP_ANALYSIS = YES;
				CLANG_WARN_STRICT_PROTOTYPES = YES;
				CLANG_WARN_SUSPICIOUS_MOVE = YES;
				CLANG_WARN_UNGUARDED_AVAILABILITY = YES_AGGRESSIVE;
				CLANG_WARN_UNREACHABLE_CODE = YES;
				CLANG_WARN__DUPLICATE_METHOD_MATCH = YES;
				COPY_PHASE_STRIP = NO;
				DEBUG_INFORMATION_FORMAT = "dwarf-with-dsym";
				ENABLE_NS_ASSERTIONS = NO;
				ENABLE_STRICT_OBJC_MSGSEND = YES;
				GCC_C_LANGUAGE_STANDARD = gnu11;
				GCC_NO_COMMON_BLOCKS = YES;
				GCC_WARN_64_TO_32_BIT_CONVERSION = YES;
				GCC_WARN_ABOUT_RETURN_TYPE = YES_ERROR;
				GCC_WARN_UNDECLARED_SELECTOR = YES;
				GCC_WARN_UNINITIALIZED_AUTOS = YES_AGGRESSIVE;
				GCC_WARN_UNUSED_FUNCTION = YES;
				GCC_WARN_UNUSED_VARIABLE = YES;
				IPHONEOS_DEPLOYMENT_TARGET = 16.4;
				MTL_ENABLE_DEBUG_INFO = NO;
				MTL_FAST_MATH = YES;
				SDKROOT = iphoneos;
				SWIFT_COMPILATION_MODE = wholemodule;
				SWIFT_OPTIMIZATION_LEVEL = "-O";
				VALIDATE_PRODUCT = YES;
			};
			name = Release;
		};
		1AC830A32A829D1200FCE1DA /* Debug */ = {
			isa = XCBuildConfiguration;
			buildSettings = {
				ALWAYS_EMBED_SWIFT_STANDARD_LIBRARIES = YES;
				ASSETCATALOG_COMPILER_APPICON_NAME = AppIcon;
				ASSETCATALOG_COMPILER_GLOBAL_ACCENT_COLOR_NAME = AccentColor;
				CODE_SIGN_STYLE = Automatic;
				CURRENT_PROJECT_VERSION = 1;
				DEVELOPMENT_ASSET_PATHS = "\"MetaCocktails/Preview Content\"";
				DEVELOPMENT_TEAM = 5P5V4X77XJ;
				ENABLE_PREVIEWS = YES;
				GENERATE_INFOPLIST_FILE = YES;
				INFOPLIST_KEY_UIApplicationSceneManifest_Generation = YES;
				INFOPLIST_KEY_UIApplicationSupportsIndirectInputEvents = YES;
				INFOPLIST_KEY_UILaunchScreen_Generation = YES;
				INFOPLIST_KEY_UISupportedInterfaceOrientations_iPad = "UIInterfaceOrientationPortrait UIInterfaceOrientationPortraitUpsideDown UIInterfaceOrientationLandscapeLeft UIInterfaceOrientationLandscapeRight";
				INFOPLIST_KEY_UISupportedInterfaceOrientations_iPhone = "UIInterfaceOrientationPortrait UIInterfaceOrientationLandscapeLeft UIInterfaceOrientationLandscapeRight";
				IPHONEOS_DEPLOYMENT_TARGET = 16.1;
				LD_RUNPATH_SEARCH_PATHS = (
					"$(inherited)",
					"@executable_path/Frameworks",
				);
				MARKETING_VERSION = 1.0;
				PRODUCT_BUNDLE_IDENTIFIER = com.gojamesgo85.gmail.MetaCocktails;
				PRODUCT_NAME = "$(TARGET_NAME)";
				SWIFT_EMIT_LOC_STRINGS = YES;
				SWIFT_VERSION = 5.0;
				TARGETED_DEVICE_FAMILY = "1,2";
			};
			name = Debug;
		};
		1AC830A42A829D1200FCE1DA /* Release */ = {
			isa = XCBuildConfiguration;
			buildSettings = {
				ALWAYS_EMBED_SWIFT_STANDARD_LIBRARIES = YES;
				ASSETCATALOG_COMPILER_APPICON_NAME = AppIcon;
				ASSETCATALOG_COMPILER_GLOBAL_ACCENT_COLOR_NAME = AccentColor;
				CODE_SIGN_STYLE = Automatic;
				CURRENT_PROJECT_VERSION = 1;
				DEVELOPMENT_ASSET_PATHS = "\"MetaCocktails/Preview Content\"";
				DEVELOPMENT_TEAM = 5P5V4X77XJ;
				ENABLE_PREVIEWS = YES;
				GENERATE_INFOPLIST_FILE = YES;
				INFOPLIST_KEY_UIApplicationSceneManifest_Generation = YES;
				INFOPLIST_KEY_UIApplicationSupportsIndirectInputEvents = YES;
				INFOPLIST_KEY_UILaunchScreen_Generation = YES;
				INFOPLIST_KEY_UISupportedInterfaceOrientations_iPad = "UIInterfaceOrientationPortrait UIInterfaceOrientationPortraitUpsideDown UIInterfaceOrientationLandscapeLeft UIInterfaceOrientationLandscapeRight";
				INFOPLIST_KEY_UISupportedInterfaceOrientations_iPhone = "UIInterfaceOrientationPortrait UIInterfaceOrientationLandscapeLeft UIInterfaceOrientationLandscapeRight";
				IPHONEOS_DEPLOYMENT_TARGET = 16.1;
				LD_RUNPATH_SEARCH_PATHS = (
					"$(inherited)",
					"@executable_path/Frameworks",
				);
				MARKETING_VERSION = 1.0;
				PRODUCT_BUNDLE_IDENTIFIER = com.gojamesgo85.gmail.MetaCocktails;
				PRODUCT_NAME = "$(TARGET_NAME)";
				SWIFT_EMIT_LOC_STRINGS = YES;
				SWIFT_VERSION = 5.0;
				TARGETED_DEVICE_FAMILY = "1,2";
			};
			name = Release;
		};
		1AC830C22A82BCA300FCE1DA /* Debug */ = {
			isa = XCBuildConfiguration;
			buildSettings = {
				ASSETCATALOG_COMPILER_GLOBAL_ACCENT_COLOR_NAME = AccentColor;
				ASSETCATALOG_COMPILER_WIDGET_BACKGROUND_COLOR_NAME = WidgetBackground;
				CODE_SIGN_STYLE = Automatic;
				CURRENT_PROJECT_VERSION = 1;
				DEVELOPMENT_TEAM = 5P5V4X77XJ;
				GENERATE_INFOPLIST_FILE = YES;
				INFOPLIST_FILE = MetaCocktailWidget/Info.plist;
				INFOPLIST_KEY_CFBundleDisplayName = MetaCocktailWidget;
				INFOPLIST_KEY_NSHumanReadableCopyright = "";
				LD_RUNPATH_SEARCH_PATHS = (
					"$(inherited)",
					"@executable_path/Frameworks",
					"@executable_path/../../Frameworks",
				);
				MARKETING_VERSION = 1.0;
				PRODUCT_BUNDLE_IDENTIFIER = com.gojamesgo85.gmail.MetaCocktails.MetaCocktailWidget;
				PRODUCT_NAME = "$(TARGET_NAME)";
				SKIP_INSTALL = YES;
				SWIFT_EMIT_LOC_STRINGS = YES;
				SWIFT_VERSION = 5.0;
				TARGETED_DEVICE_FAMILY = "1,2";
			};
			name = Debug;
		};
		1AC830C32A82BCA300FCE1DA /* Release */ = {
			isa = XCBuildConfiguration;
			buildSettings = {
				ASSETCATALOG_COMPILER_GLOBAL_ACCENT_COLOR_NAME = AccentColor;
				ASSETCATALOG_COMPILER_WIDGET_BACKGROUND_COLOR_NAME = WidgetBackground;
				CODE_SIGN_STYLE = Automatic;
				CURRENT_PROJECT_VERSION = 1;
				DEVELOPMENT_TEAM = 5P5V4X77XJ;
				GENERATE_INFOPLIST_FILE = YES;
				INFOPLIST_FILE = MetaCocktailWidget/Info.plist;
				INFOPLIST_KEY_CFBundleDisplayName = MetaCocktailWidget;
				INFOPLIST_KEY_NSHumanReadableCopyright = "";
				LD_RUNPATH_SEARCH_PATHS = (
					"$(inherited)",
					"@executable_path/Frameworks",
					"@executable_path/../../Frameworks",
				);
				MARKETING_VERSION = 1.0;
				PRODUCT_BUNDLE_IDENTIFIER = com.gojamesgo85.gmail.MetaCocktails.MetaCocktailWidget;
				PRODUCT_NAME = "$(TARGET_NAME)";
				SKIP_INSTALL = YES;
				SWIFT_EMIT_LOC_STRINGS = YES;
				SWIFT_VERSION = 5.0;
				TARGETED_DEVICE_FAMILY = "1,2";
			};
			name = Release;
		};
/* End XCBuildConfiguration section */

/* Begin XCConfigurationList section */
		1AC8308F2A829D1000FCE1DA /* Build configuration list for PBXProject "MetaCocktails" */ = {
			isa = XCConfigurationList;
			buildConfigurations = (
				1AC830A02A829D1200FCE1DA /* Debug */,
				1AC830A12A829D1200FCE1DA /* Release */,
			);
			defaultConfigurationIsVisible = 0;
			defaultConfigurationName = Release;
		};
		1AC830A22A829D1200FCE1DA /* Build configuration list for PBXNativeTarget "MetaCocktails" */ = {
			isa = XCConfigurationList;
			buildConfigurations = (
				1AC830A32A829D1200FCE1DA /* Debug */,
				1AC830A42A829D1200FCE1DA /* Release */,
			);
			defaultConfigurationIsVisible = 0;
			defaultConfigurationName = Release;
		};
		1AC830C12A82BCA300FCE1DA /* Build configuration list for PBXNativeTarget "MetaCocktailWidgetExtension" */ = {
			isa = XCConfigurationList;
			buildConfigurations = (
				1AC830C22A82BCA300FCE1DA /* Debug */,
				1AC830C32A82BCA300FCE1DA /* Release */,
			);
			defaultConfigurationIsVisible = 0;
			defaultConfigurationName = Release;
		};
/* End XCConfigurationList section */
	};
	rootObject = 1AC8308C2A829D1000FCE1DA /* Project object */;
}
